
Microsoft Visual Studio Solution File, Format Version 12.00
# Visual Studio Version 16
VisualStudioVersion = 16.0.31313.79
MinimumVisualStudioVersion = 10.0.40219.1
Project("{FAE04EC0-301F-11D3-BF4B-00C04F79EFBC}") = "WpfKeyBoard", "WpfKeyBoard\WpfKeyBoard.csproj", "{9822AF9E-8C2D-4417-B411-0C1B320B73E9}"
EndProject
Project("{FAE04EC0-301F-11D3-BF4B-00C04F79EFBC}") = "UsingKeyboard", "UsingKeyboard\UsingKeyboard.csproj", "{EB401E15-2FDA-4A91-A535-E99D5946C7B3}"
EndProject
Global
	GlobalSection(SolutionConfigurationPlatforms) = preSolution
		Debug|Any CPU = Debug|Any CPU
		Release|Any CPU = Release|Any CPU
	EndGlobalSection
	GlobalSection(ProjectConfigurationPlatforms) = postSolution
		{9822AF9E-8C2D-4417-B411-0C1B320B73E9}.Debug|Any CPU.ActiveCfg = Debug|Any CPU
		{9822AF9E-8C2D-4417-B411-0C1B320B73E9}.Debug|Any CPU.Build.0 = Debug|Any CPU
		{9822AF9E-8C2D-4417-B411-0C1B320B73E9}.Release|Any CPU.ActiveCfg = Release|Any CPU
		{9822AF9E-8C2D-4417-B411-0C1B320B73E9}.Release|Any CPU.Build.0 = Release|Any CPU
		{EB401E15-2FDA-4A91-A535-E99D5946C7B3}.Debug|Any CPU.ActiveCfg = Debug|Any CPU
		{EB401E15-2FDA-4A91-A535-E99D5946C7B3}.Debug|Any CPU.Build.0 = Debug|Any CPU
		{EB401E15-2FDA-4A91-A535-E99D5946C7B3}.Release|Any CPU.ActiveCfg = Release|Any CPU
		{EB401E15-2FDA-4A91-A535-E99D5946C7B3}.Release|Any CPU.Build.0 = Release|Any CPU
	EndGlobalSection
	GlobalSection(SolutionProperties) = preSolution
		HideSolutionNode = FALSE
	EndGlobalSection
	GlobalSection(ExtensibilityGlobals) = postSolution
		SolutionGuid = {29F8ACE6-85E4-4EAE-AFEC-EF2DF776DD24}
	EndGlobalSection
EndGlobal
