
Microsoft Visual Studio Solution File, Format Version 12.00
# Visual Studio Version 16
VisualStudioVersion = 16.0.31313.79
MinimumVisualStudioVersion = 10.0.40219.1
Project("{FAE04EC0-301F-11D3-BF4B-00C04F79EFBC}") = "WpfAppPractice", "WpfAppPractice\WpfAppPractice.csproj", "{69258883-83C0-4A47-96E6-9E3863C5DDFB}"
EndProject
Global
	GlobalSection(SolutionConfigurationPlatforms) = preSolution
		Debug|Any CPU = Debug|Any CPU
		Release|Any CPU = Release|Any CPU
	EndGlobalSection
	GlobalSection(ProjectConfigurationPlatforms) = postSolution
		{69258883-83C0-4A47-96E6-9E3863C5DDFB}.Debug|Any CPU.ActiveCfg = Debug|Any CPU
		{69258883-83C0-4A47-96E6-9E3863C5DDFB}.Debug|Any CPU.Build.0 = Debug|Any CPU
		{69258883-83C0-4A47-96E6-9E3863C5DDFB}.Release|Any CPU.ActiveCfg = Release|Any CPU
		{69258883-83C0-4A47-96E6-9E3863C5DDFB}.Release|Any CPU.Build.0 = Release|Any CPU
	EndGlobalSection
	GlobalSection(SolutionProperties) = preSolution
		HideSolutionNode = FALSE
	EndGlobalSection
	GlobalSection(ExtensibilityGlobals) = postSolution
		SolutionGuid = {FFEA9FC8-5E82-4181-BC28-B19289405205}
	EndGlobalSection
EndGlobal
