
Microsoft Visual Studio Solution File, Format Version 12.00
# Visual Studio Version 16
VisualStudioVersion = 16.0.31313.79
MinimumVisualStudioVersion = 10.0.40219.1
Project("{FAE04EC0-301F-11D3-BF4B-00C04F79EFBC}") = "WpfKeypad", "WpfKeypad\WpfKeypad.csproj", "{6C9246BD-ABDC-4808-A8D0-3EA89DF1B1DD}"
EndProject
Global
	GlobalSection(SolutionConfigurationPlatforms) = preSolution
		Debug|Any CPU = Debug|Any CPU
		Release|Any CPU = Release|Any CPU
	EndGlobalSection
	GlobalSection(ProjectConfigurationPlatforms) = postSolution
		{6C9246BD-ABDC-4808-A8D0-3EA89DF1B1DD}.Debug|Any CPU.ActiveCfg = Debug|Any CPU
		{6C9246BD-ABDC-4808-A8D0-3EA89DF1B1DD}.Debug|Any CPU.Build.0 = Debug|Any CPU
		{6C9246BD-ABDC-4808-A8D0-3EA89DF1B1DD}.Release|Any CPU.ActiveCfg = Release|Any CPU
		{6C9246BD-ABDC-4808-A8D0-3EA89DF1B1DD}.Release|Any CPU.Build.0 = Release|Any CPU
	EndGlobalSection
	GlobalSection(SolutionProperties) = preSolution
		HideSolutionNode = FALSE
	EndGlobalSection
	GlobalSection(ExtensibilityGlobals) = postSolution
		SolutionGuid = {CD1E2A90-7966-4610-B670-B8E3B70D51BA}
	EndGlobalSection
EndGlobal
